
Microsoft Visual Studio Solution File, Format Version 12.00
# Visual Studio 15
VisualStudioVersion = 15.0.26730.3
MinimumVisualStudioVersion = 10.0.40219.1
Project("{FAE04EC0-301F-11D3-BF4B-00C04F79EFBC}") = "Sample01", "Sample01\Sample01.csproj", "{EA1F0E92-062F-46B0-8CE0-5D9480CAD35B}"
EndProject
Global
	GlobalSection(SolutionConfigurationPlatforms) = preSolution
		Debug|Any CPU = Debug|Any CPU
		Release|Any CPU = Release|Any CPU
	EndGlobalSection
	GlobalSection(ProjectConfigurationPlatforms) = postSolution
		{EA1F0E92-062F-46B0-8CE0-5D9480CAD35B}.Debug|Any CPU.ActiveCfg = Debug|Any CPU
		{EA1F0E92-062F-46B0-8CE0-5D9480CAD35B}.Debug|Any CPU.Build.0 = Debug|Any CPU
		{EA1F0E92-062F-46B0-8CE0-5D9480CAD35B}.Release|Any CPU.ActiveCfg = Release|Any CPU
		{EA1F0E92-062F-46B0-8CE0-5D9480CAD35B}.Release|Any CPU.Build.0 = Release|Any CPU
	EndGlobalSection
	GlobalSection(SolutionProperties) = preSolution
		HideSolutionNode = FALSE
	EndGlobalSection
	GlobalSection(ExtensibilityGlobals) = postSolution
		SolutionGuid = {180B72E7-E5B4-4A92-B46F-146289BC4FAB}
	EndGlobalSection
EndGlobal
